{
  "name": "watch",
  "version": "1.0.0",
  "lockfileVersion": 1,
  "requires": true,
  "dependencies": {
    "@parcel/watcher": {
      "version": "2.0.0-alpha.10",
      "resolved": "https://registry.npmjs.org/@parcel/watcher/-/watcher-2.0.0-alpha.10.tgz",
      "integrity": "sha512-8uA7Tmx/1XvmUdGzksg0+oN7uj24pXFFnKJqZr3L3mgYjdrL7CMs3PRIHv1k3LUz/hNRsb/p3qxztSkWz1IGZA==",
      "dev": true,
      "requires": {
        "node-addon-api": "^3.0.2",
        "node-gyp-build": "^4.2.3"
      }
    },
    "binary-insert": {
      "version": "1.2.1",
      "resolved": "https://registry.npmjs.org/binary-insert/-/binary-insert-1.2.1.tgz",
      "integrity": "sha512-CGsSYzBUL/QqnmL4CTwLQnnVBj5RqPCmVifo5SnqTSbH5heFPtDijsIZJCKmOaXowaYUiiDOc+eZUjpU6NdpMg==",
      "dev": true
    },
    "filespy": {
      "version": "1.1.2",
      "resolved": "https://registry.npmjs.org/filespy/-/filespy-1.1.2.tgz",
      "integrity": "sha512-hwPgcgwNjPCWZFYJP4Jly1DwPxGT3iGo2bszVOv21/eXoEqJIJEpJDwlcL3RzyGtaFjwgJYt4iLppmWrWys+Vw==",
      "dev": true,
      "requires": {
        "@parcel/watcher": "^2.0.0-alpha.10",
        "binary-insert": "^1.2.1",
        "glob-regex": "^0.3.2",
        "slash": "^3.0.0"
      }
    },
    "glob-regex": {
      "version": "0.3.2",
      "resolved": "https://registry.npmjs.org/glob-regex/-/glob-regex-0.3.2.tgz",
      "integrity": "sha512-m5blUd3/OqDTWwzBBtWBPrGlAzatRywHameHeekAZyZrskYouOGdNB8T/q6JucucvJXtOuyHIn0/Yia7iDasDw==",
      "dev": true
    },
    "node-addon-api": {
      "version": "3.1.0",
      "resolved": "https://registry.npmjs.org/node-addon-api/-/node-addon-api-3.1.0.tgz",
      "integrity": "sha512-flmrDNB06LIl5lywUz7YlNGZH/5p0M7W28k8hzd9Lshtdh1wshD2Y+U4h9LD6KObOy1f+fEVdgprPrEymjM5uw==",
      "dev": true
    },
    "node-gyp-build": {
      "version": "4.2.3",
      "resolved": "https://registry.npmjs.org/node-gyp-build/-/node-gyp-build-4.2.3.tgz",
      "integrity": "sha512-MN6ZpzmfNCRM+3t57PTJHgHyw/h4OWnZ6mR8P5j/uZtqQr46RRuDE/P+g3n0YR/AiYXeWixZZzaip77gdICfRg==",
      "dev": true
    },
    "slash": {
      "version": "3.0.0",
      "resolved": "https://registry.npmjs.org/slash/-/slash-3.0.0.tgz",
      "integrity": "sha512-g9Q1haeby36OSStwb4ntCGGGaKsaVSjQ68fBxoQcutl5fS1vuY18H3wSt3jFyFtrkx+Kz0V1G85A4MyAdDMi2Q==",
      "dev": true
    }
  }
}
